{
  "originHash" : "5914c47d2d3e85565eea613f597176be6847b090b6804b468938c112fd94b9f5",
  "pins" : [
    {
      "identity" : "swift-asn1",
      "kind" : "remoteSourceControl",
      "location" : "https://github.com/apple/swift-asn1.git",
      "state" : {
        "revision" : "f70225981241859eb4aa1a18a75531d26637c8cc",
        "version" : "1.4.0"
      }
    },
    {
      "identity" : "swift-crypto",
      "kind" : "remoteSourceControl",
      "location" : "https://github.com/apple/swift-crypto.git",
      "state" : {
        "revision" : "e8d6eba1fef23ae5b359c46b03f7d94be2f41fed",
        "version" : "3.12.3"
      }
    }
  ],
  "version" : 3
}
